// !$*UTF8*$!
{
	archiveVersion = 1;
	classes = {
	};
	objectVersion = 50;
	objects = {

/* Begin PBXBuildFile section */
		C5017D09221FC150004188F7 /* CollectionViewCell.swift in Sources */ = {isa = PBXBuildFile; fileRef = C5017D08221FC150004188F7 /* CollectionViewCell.swift */; };
		C506C98D221238C6000D775D /* MovieModel.swift in Sources */ = {isa = PBXBuildFile; fileRef = C506C98C221238C6000D775D /* MovieModel.swift */; };
		C506C98F22125BD4000D775D /* MovieCell.swift in Sources */ = {isa = PBXBuildFile; fileRef = C506C98E22125BD4000D775D /* MovieCell.swift */; };
		C515260F221CC6D900BAF292 /* MovieDetailsViewController.swift in Sources */ = {isa = PBXBuildFile; fileRef = C515260E221CC6D900BAF292 /* MovieDetailsViewController.swift */; };
		C5805F60221F439500779FC6 /* SuperheroViewController.swift in Sources */ = {isa = PBXBuildFile; fileRef = C5805F5F221F439500779FC6 /* SuperheroViewController.swift */; };
		C5805F62221F463400779FC6 /* SuperheroMovieModel.swift in Sources */ = {isa = PBXBuildFile; fileRef = C5805F61221F463400779FC6 /* SuperheroMovieModel.swift */; };
		C590AC04221230AB0028B121 /* AppDelegate.swift in Sources */ = {isa = PBXBuildFile; fileRef = C590AC03221230AB0028B121 /* AppDelegate.swift */; };
		C590AC06221230AB0028B121 /* MoviesViewController.swift in Sources */ = {isa = PBXBuildFile; fileRef = C590AC05221230AB0028B121 /* MoviesViewController.swift */; };
		C590AC09221230AB0028B121 /* Main.storyboard in Resources */ = {isa = PBXBuildFile; fileRef = C590AC07221230AB0028B121 /* Main.storyboard */; };
		C590AC0B221230AC0028B121 /* Assets.xcassets in Resources */ = {isa = PBXBuildFile; fileRef = C590AC0A221230AC0028B121 /* Assets.xcassets */; };
		C590AC0E221230AC0028B121 /* LaunchScreen.storyboard in Resources */ = {isa = PBXBuildFile; fileRef = C590AC0C221230AC0028B121 /* LaunchScreen.storyboard */; };
		C59FF3EB2221ACD3001B0D63 /* SuperheroDetailsViewController.swift in Sources */ = {isa = PBXBuildFile; fileRef = C59FF3EA2221ACD3001B0D63 /* SuperheroDetailsViewController.swift */; };
		C5F8404F22249EA500C76AB0 /* WebViewController.swift in Sources */ = {isa = PBXBuildFile; fileRef = C5F8404E22249EA500C76AB0 /* WebViewController.swift */; };
		E715068528BBACC1061D5038 /* Pods_Flixter.framework in Frameworks */ = {isa = PBXBuildFile; fileRef = 2BE1DA1A70EE1EBA7CC47183 /* Pods_Flixter.framework */; };
/* End PBXBuildFile section */

/* Begin PBXFileReference section */
		2BE1DA1A70EE1EBA7CC47183 /* Pods_Flixter.framework */ = {isa = PBXFileReference; explicitFileType = wrapper.framework; includeInIndex = 0; path = Pods_Flixter.framework; sourceTree = BUILT_PRODUCTS_DIR; };
		4BEA2957635D1CEE2E8379B1 /* Pods-Flixter.debug.xcconfig */ = {isa = PBXFileReference; includeInIndex = 1; lastKnownFileType = text.xcconfig; name = "Pods-Flixter.debug.xcconfig"; path = "Pods/Target Support Files/Pods-Flixter/Pods-Flixter.debug.xcconfig"; sourceTree = "<group>"; };
		69B97D185A235FE038199C94 /* Pods-Flixter.release.xcconfig */ = {isa = PBXFileReference; includeInIndex = 1; lastKnownFileType = text.xcconfig; name = "Pods-Flixter.release.xcconfig"; path = "Pods/Target Support Files/Pods-Flixter/Pods-Flixter.release.xcconfig"; sourceTree = "<group>"; };
		C5017D08221FC150004188F7 /* CollectionViewCell.swift */ = {isa = PBXFileReference; lastKnownFileType = sourcecode.swift; path = CollectionViewCell.swift; sourceTree = "<group>"; };
		C506C98C221238C6000D775D /* MovieModel.swift */ = {isa = PBXFileReference; lastKnownFileType = sourcecode.swift; path = MovieModel.swift; sourceTree = "<group>"; };
		C506C98E22125BD4000D775D /* MovieCell.swift */ = {isa = PBXFileReference; lastKnownFileType = sourcecode.swift; path = MovieCell.swift; sourceTree = "<group>"; };
		C515260E221CC6D900BAF292 /* MovieDetailsViewController.swift */ = {isa = PBXFileReference; lastKnownFileType = sourcecode.swift; path = MovieDetailsViewController.swift; sourceTree = "<group>"; };
		C5805F5F221F439500779FC6 /* SuperheroViewController.swift */ = {isa = PBXFileReference; lastKnownFileType = sourcecode.swift; path = SuperheroViewController.swift; sourceTree = "<group>"; };
		C5805F61221F463400779FC6 /* SuperheroMovieModel.swift */ = {isa = PBXFileReference; lastKnownFileType = sourcecode.swift; path = SuperheroMovieModel.swift; sourceTree = "<group>"; };
		C590AC00221230AB0028B121 /* Flixter.app */ = {isa = PBXFileReference; explicitFileType = wrapper.application; includeInIndex = 0; path = Flixter.app; sourceTree = BUILT_PRODUCTS_DIR; };
		C590AC03221230AB0028B121 /* AppDelegate.swift */ = {isa = PBXFileReference; lastKnownFileType = sourcecode.swift; path = AppDelegate.swift; sourceTree = "<group>"; };
		C590AC05221230AB0028B121 /* MoviesViewController.swift */ = {isa = PBXFileReference; lastKnownFileType = sourcecode.swift; path = MoviesViewController.swift; sourceTree = "<group>"; };
		C590AC08221230AB0028B121 /* Base */ = {isa = PBXFileReference; lastKnownFileType = file.storyboard; name = Base; path = Base.lproj/Main.storyboard; sourceTree = "<group>"; };
		C590AC0A221230AC0028B121 /* Assets.xcassets */ = {isa = PBXFileReference; lastKnownFileType = folder.assetcatalog; path = Assets.xcassets; sourceTree = "<group>"; };
		C590AC0D221230AC0028B121 /* Base */ = {isa = PBXFileReference; lastKnownFileType = file.storyboard; name = Base; path = Base.lproj/LaunchScreen.storyboard; sourceTree = "<group>"; };
		C590AC0F221230AC0028B121 /* Info.plist */ = {isa = PBXFileReference; lastKnownFileType = text.plist.xml; path = Info.plist; sourceTree = "<group>"; };
		C59FF3EA2221ACD3001B0D63 /* SuperheroDetailsViewController.swift */ = {isa = PBXFileReference; lastKnownFileType = sourcecode.swift; path = SuperheroDetailsViewController.swift; sourceTree = "<group>"; };
		C5F8404E22249EA500C76AB0 /* WebViewController.swift */ = {isa = PBXFileReference; lastKnownFileType = sourcecode.swift; path = WebViewController.swift; sourceTree = "<group>"; };
/* End PBXFileReference section */

/* Begin PBXFrameworksBuildPhase section */
		C590ABFD221230AB0028B121 /* Frameworks */ = {
			isa = PBXFrameworksBuildPhase;
			buildActionMask = 2147483647;
			files = (
				E715068528BBACC1061D5038 /* Pods_Flixter.framework in Frameworks */,
			);
			runOnlyForDeploymentPostprocessing = 0;
		};
/* End PBXFrameworksBuildPhase section */

/* Begin PBXGroup section */
		560FC81F5CE1A5E275DA27C7 /* Frameworks */ = {
			isa = PBXGroup;
			children = (
				2BE1DA1A70EE1EBA7CC47183 /* Pods_Flixter.framework */,
			);
			name = Frameworks;
			sourceTree = "<group>";
		};
		575B5A88C9F3CCC57E8193DE /* Pods */ = {
			isa = PBXGroup;
			children = (
				4BEA2957635D1CEE2E8379B1 /* Pods-Flixter.debug.xcconfig */,
				69B97D185A235FE038199C94 /* Pods-Flixter.release.xcconfig */,
			);
			name = Pods;
			sourceTree = "<group>";
		};
		C590ABF7221230AB0028B121 = {
			isa = PBXGroup;
			children = (
				C590AC02221230AB0028B121 /* Flixter */,
				C590AC01221230AB0028B121 /* Products */,
				575B5A88C9F3CCC57E8193DE /* Pods */,
				560FC81F5CE1A5E275DA27C7 /* Frameworks */,
			);
			sourceTree = "<group>";
		};
		C590AC01221230AB0028B121 /* Products */ = {
			isa = PBXGroup;
			children = (
				C590AC00221230AB0028B121 /* Flixter.app */,
			);
			name = Products;
			sourceTree = "<group>";
		};
		C590AC02221230AB0028B121 /* Flixter */ = {
			isa = PBXGroup;
			children = (
				C5F840562224C80C00C76AB0 /* Cells */,
				C5F840522224C70100C76AB0 /* Model */,
				C5F840542224C72900C76AB0 /* View */,
				C5F840552224C73700C76AB0 /* Controller */,
				C590AC03221230AB0028B121 /* AppDelegate.swift */,
				C590AC0A221230AC0028B121 /* Assets.xcassets */,
				C590AC0C221230AC0028B121 /* LaunchScreen.storyboard */,
				C590AC0F221230AC0028B121 /* Info.plist */,
			);
			path = Flixter;
			sourceTree = "<group>";
		};
		C5F840522224C70100C76AB0 /* Model */ = {
			isa = PBXGroup;
			children = (
				C5805F61221F463400779FC6 /* SuperheroMovieModel.swift */,
				C506C98C221238C6000D775D /* MovieModel.swift */,
			);
			path = Model;
			sourceTree = "<group>";
		};
		C5F840542224C72900C76AB0 /* View */ = {
			isa = PBXGroup;
			children = (
				C590AC07221230AB0028B121 /* Main.storyboard */,
			);
			path = View;
			sourceTree = "<group>";
		};
		C5F840552224C73700C76AB0 /* Controller */ = {
			isa = PBXGroup;
			children = (
				C590AC05221230AB0028B121 /* MoviesViewController.swift */,
				C5805F5F221F439500779FC6 /* SuperheroViewController.swift */,
				C5F8404E22249EA500C76AB0 /* WebViewController.swift */,
				C515260E221CC6D900BAF292 /* MovieDetailsViewController.swift */,
				C59FF3EA2221ACD3001B0D63 /* SuperheroDetailsViewController.swift */,
			);
			path = Controller;
			sourceTree = "<group>";
		};
		C5F840562224C80C00C76AB0 /* Cells */ = {
			isa = PBXGroup;
			children = (
				C5017D08221FC150004188F7 /* CollectionViewCell.swift */,
				C506C98E22125BD4000D775D /* MovieCell.swift */,
			);
			path = Cells;
			sourceTree = "<group>";
		};
/* End PBXGroup section */

/* Begin PBXNativeTarget section */
		C590ABFF221230AB0028B121 /* Flixter */ = {
			isa = PBXNativeTarget;
			buildConfigurationList = C590AC12221230AC0028B121 /* Build configuration list for PBXNativeTarget "Flixter" */;
			buildPhases = (
				B2195ABE79C56061875128A6 /* [CP] Check Pods Manifest.lock */,
				C590ABFC221230AB0028B121 /* Sources */,
				C590ABFD221230AB0028B121 /* Frameworks */,
				C590ABFE221230AB0028B121 /* Resources */,
				4921356444DB9193556E82C7 /* [CP] Embed Pods Frameworks */,
			);
			buildRules = (
			);
			dependencies = (
			);
			name = Flixter;
			productName = Flixter;
			productReference = C590AC00221230AB0028B121 /* Flixter.app */;
			productType = "com.apple.product-type.application";
		};
/* End PBXNativeTarget section */

/* Begin PBXProject section */
		C590ABF8221230AB0028B121 /* Project object */ = {
			isa = PBXProject;
			attributes = {
				LastSwiftUpdateCheck = 1010;
				LastUpgradeCheck = 1010;
				ORGANIZATIONNAME = "Joy Paul";
				TargetAttributes = {
					C590ABFF221230AB0028B121 = {
						CreatedOnToolsVersion = 10.1;
					};
				};
			};
			buildConfigurationList = C590ABFB221230AB0028B121 /* Build configuration list for PBXProject "Flixter" */;
			compatibilityVersion = "Xcode 9.3";
			developmentRegion = en;
			hasScannedForEncodings = 0;
			knownRegions = (
				en,
				Base,
			);
			mainGroup = C590ABF7221230AB0028B121;
			productRefGroup = C590AC01221230AB0028B121 /* Products */;
			projectDirPath = "";
			projectRoot = "";
			targets = (
				C590ABFF221230AB0028B121 /* Flixter */,
			);
		};
/* End PBXProject section */

/* Begin PBXResourcesBuildPhase section */
		C590ABFE221230AB0028B121 /* Resources */ = {
			isa = PBXResourcesBuildPhase;
			buildActionMask = 2147483647;
			files = (
				C590AC0E221230AC0028B121 /* LaunchScreen.storyboard in Resources */,
				C590AC0B221230AC0028B121 /* Assets.xcassets in Resources */,
				C590AC09221230AB0028B121 /* Main.storyboard in Resources */,
			);
			runOnlyForDeploymentPostprocessing = 0;
		};
/* End PBXResourcesBuildPhase section */

/* Begin PBXShellScriptBuildPhase section */
		4921356444DB9193556E82C7 /* [CP] Embed Pods Frameworks */ = {
			isa = PBXShellScriptBuildPhase;
			buildActionMask = 2147483647;
			files = (
			);
			inputFileListPaths = (
			);
			inputPaths = (
				"${SRCROOT}/Pods/Target Support Files/Pods-Flixter/Pods-Flixter-frameworks.sh",
				"${BUILT_PRODUCTS_DIR}/Alamofire/Alamofire.framework",
				"${BUILT_PRODUCTS_DIR}/AlamofireImage/AlamofireImage.framework",
				"${BUILT_PRODUCTS_DIR}/SwiftyJSON/SwiftyJSON.framework",
			);
			name = "[CP] Embed Pods Frameworks";
			outputFileListPaths = (
			);
			outputPaths = (
				"${TARGET_BUILD_DIR}/${FRAMEWORKS_FOLDER_PATH}/Alamofire.framework",
				"${TARGET_BUILD_DIR}/${FRAMEWORKS_FOLDER_PATH}/AlamofireImage.framework",
				"${TARGET_BUILD_DIR}/${FRAMEWORKS_FOLDER_PATH}/SwiftyJSON.framework",
			);
			runOnlyForDeploymentPostprocessing = 0;
			shellPath = /bin/sh;
			shellScript = "\"${SRCROOT}/Pods/Target Support Files/Pods-Flixter/Pods-Flixter-frameworks.sh\"\n";
			showEnvVarsInLog = 0;
		};
		B2195ABE79C56061875128A6 /* [CP] Check Pods Manifest.lock */ = {
			isa = PBXShellScriptBuildPhase;
			buildActionMask = 2147483647;
			files = (
			);
			inputFileListPaths = (
			);
			inputPaths = (
				"${PODS_PODFILE_DIR_PATH}/Podfile.lock",
				"${PODS_ROOT}/Manifest.lock",
			);
			name = "[CP] Check Pods Manifest.lock";
			outputFileListPaths = (
			);
			outputPaths = (
				"$(DERIVED_FILE_DIR)/Pods-Flixter-checkManifestLockResult.txt",
			);
			runOnlyForDeploymentPostprocessing = 0;
			shellPath = /bin/sh;
			shellScript = "diff \"${PODS_PODFILE_DIR_PATH}/Podfile.lock\" \"${PODS_ROOT}/Manifest.lock\" > /dev/null\nif [ $? != 0 ] ; then\n    # print error to STDERR\n    echo \"error: The sandbox is not in sync with the Podfile.lock. Run 'pod install' or update your CocoaPods installation.\" >&2\n    exit 1\nfi\n# This output is used by Xcode 'outputs' to avoid re-running this script phase.\necho \"SUCCESS\" > \"${SCRIPT_OUTPUT_FILE_0}\"\n";
			showEnvVarsInLog = 0;
		};
/* End PBXShellScriptBuildPhase section */

/* Begin PBXSourcesBuildPhase section */
		C590ABFC221230AB0028B121 /* Sources */ = {
			isa = PBXSourcesBuildPhase;
			buildActionMask = 2147483647;
			files = (
				C515260F221CC6D900BAF292 /* MovieDetailsViewController.swift in Sources */,
				C5805F62221F463400779FC6 /* SuperheroMovieModel.swift in Sources */,
				C5017D09221FC150004188F7 /* CollectionViewCell.swift in Sources */,
				C5F8404F22249EA500C76AB0 /* WebViewController.swift in Sources */,
				C590AC06221230AB0028B121 /* MoviesViewController.swift in Sources */,
				C59FF3EB2221ACD3001B0D63 /* SuperheroDetailsViewController.swift in Sources */,
				C590AC04221230AB0028B121 /* AppDelegate.swift in Sources */,
				C506C98F22125BD4000D775D /* MovieCell.swift in Sources */,
				C506C98D221238C6000D775D /* MovieModel.swift in Sources */,
				C5805F60221F439500779FC6 /* SuperheroViewController.swift in Sources */,
			);
			runOnlyForDeploymentPostprocessing = 0;
		};
/* End PBXSourcesBuildPhase section */

/* Begin PBXVariantGroup section */
		C590AC07221230AB0028B121 /* Main.storyboard */ = {
			isa = PBXVariantGroup;
			children = (
				C590AC08221230AB0028B121 /* Base */,
			);
			name = Main.storyboard;
			sourceTree = "<group>";
		};
		C590AC0C221230AC0028B121 /* LaunchScreen.storyboard */ = {
			isa = PBXVariantGroup;
			children = (
				C590AC0D221230AC0028B121 /* Base */,
			);
			name = LaunchScreen.storyboard;
			sourceTree = "<group>";
		};
/* End PBXVariantGroup section */

/* Begin XCBuildConfiguration section */
		C590AC10221230AC0028B121 /* Debug */ = {
			isa = XCBuildConfiguration;
			buildSettings = {
				ALWAYS_SEARCH_USER_PATHS = NO;
				CLANG_ANALYZER_NONNULL = YES;
				CLANG_ANALYZER_NUMBER_OBJECT_CONVERSION = YES_AGGRESSIVE;
				CLANG_CXX_LANGUAGE_STANDARD = "gnu++14";
				CLANG_CXX_LIBRARY = "libc++";
				CLANG_ENABLE_MODULES = YES;
				CLANG_ENABLE_OBJC_ARC = YES;
				CLANG_ENABLE_OBJC_WEAK = YES;
				CLANG_WARN_BLOCK_CAPTURE_AUTORELEASING = YES;
				CLANG_WARN_BOOL_CONVERSION = YES;
				CLANG_WARN_COMMA = YES;
				CLANG_WARN_CONSTANT_CONVERSION = YES;
				CLANG_WARN_DEPRECATED_OBJC_IMPLEMENTATIONS = YES;
				CLANG_WARN_DIRECT_OBJC_ISA_USAGE = YES_ERROR;
				CLANG_WARN_DOCUMENTATION_COMMENTS = YES;
				CLANG_WARN_EMPTY_BODY = YES;
				CLANG_WARN_ENUM_CONVERSION = YES;
				CLANG_WARN_INFINITE_RECURSION = YES;
				CLANG_WARN_INT_CONVERSION = YES;
				CLANG_WARN_NON_LITERAL_NULL_CONVERSION = YES;
				CLANG_WARN_OBJC_IMPLICIT_RETAIN_SELF = YES;
				CLANG_WARN_OBJC_LITERAL_CONVERSION = YES;
				CLANG_WARN_OBJC_ROOT_CLASS = YES_ERROR;
				CLANG_WARN_RANGE_LOOP_ANALYSIS = YES;
				CLANG_WARN_STRICT_PROTOTYPES = YES;
				CLANG_WARN_SUSPICIOUS_MOVE = YES;
				CLANG_WARN_UNGUARDED_AVAILABILITY = YES_AGGRESSIVE;
				CLANG_WARN_UNREACHABLE_CODE = YES;
				CLANG_WARN__DUPLICATE_METHOD_MATCH = YES;
				CODE_SIGN_IDENTITY = "iPhone Developer";
				COPY_PHASE_STRIP = NO;
				DEBUG_INFORMATION_FORMAT = dwarf;
				ENABLE_STRICT_OBJC_MSGSEND = YES;
				ENABLE_TESTABILITY = YES;
				GCC_C_LANGUAGE_STANDARD = gnu11;
				GCC_DYNAMIC_NO_PIC = NO;
				GCC_NO_COMMON_BLOCKS = YES;
				GCC_OPTIMIZATION_LEVEL = 0;
				GCC_PREPROCESSOR_DEFINITIONS = (
					"DEBUG=1",
					"$(inherited)",
				);
				GCC_WARN_64_TO_32_BIT_CONVERSION = YES;
				GCC_WARN_ABOUT_RETURN_TYPE = YES_ERROR;
				GCC_WARN_UNDECLARED_SELECTOR = YES;
				GCC_WARN_UNINITIALIZED_AUTOS = YES_AGGRESSIVE;
				GCC_WARN_UNUSED_FUNCTION = YES;
				GCC_WARN_UNUSED_VARIABLE = YES;
				IPHONEOS_DEPLOYMENT_TARGET = 12.1;
				MTL_ENABLE_DEBUG_INFO = INCLUDE_SOURCE;
				MTL_FAST_MATH = YES;
				ONLY_ACTIVE_ARCH = YES;
				SDKROOT = iphoneos;
				SWIFT_ACTIVE_COMPILATION_CONDITIONS = DEBUG;
				SWIFT_OPTIMIZATION_LEVEL = "-Onone";
			};
			name = Debug;
		};
		C590AC11221230AC0028B121 /* Release */ = {
			isa = XCBuildConfiguration;
			buildSettings = {
				ALWAYS_SEARCH_USER_PATHS = NO;
				CLANG_ANALYZER_NONNULL = YES;
				CLANG_ANALYZER_NUMBER_OBJECT_CONVERSION = YES_AGGRESSIVE;
				CLANG_CXX_LANGUAGE_STANDARD = "gnu++14";
				CLANG_CXX_LIBRARY = "libc++";
				CLANG_ENABLE_MODULES = YES;
				CLANG_ENABLE_OBJC_ARC = YES;
				CLANG_ENABLE_OBJC_WEAK = YES;
				CLANG_WARN_BLOCK_CAPTURE_AUTORELEASING = YES;
				CLANG_WARN_BOOL_CONVERSION = YES;
				CLANG_WARN_COMMA = YES;
				CLANG_WARN_CONSTANT_CONVERSION = YES;
				CLANG_WARN_DEPRECATED_OBJC_IMPLEMENTATIONS = YES;
				CLANG_WARN_DIRECT_OBJC_ISA_USAGE = YES_ERROR;
				CLANG_WARN_DOCUMENTATION_COMMENTS = YES;
				CLANG_WARN_EMPTY_BODY = YES;
				CLANG_WARN_ENUM_CONVERSION = YES;
				CLANG_WARN_INFINITE_RECURSION = YES;
				CLANG_WARN_INT_CONVERSION = YES;
				CLANG_WARN_NON_LITERAL_NULL_CONVERSION = YES;
				CLANG_WARN_OBJC_IMPLICIT_RETAIN_SELF = YES;
				CLANG_WARN_OBJC_LITERAL_CONVERSION = YES;
				CLANG_WARN_OBJC_ROOT_CLASS = YES_ERROR;
				CLANG_WARN_RANGE_LOOP_ANALYSIS = YES;
				CLANG_WARN_STRICT_PROTOTYPES = YES;
				CLANG_WARN_SUSPICIOUS_MOVE = YES;
				CLANG_WARN_UNGUARDED_AVAILABILITY = YES_AGGRESSIVE;
				CLANG_WARN_UNREACHABLE_CODE = YES;
				CLANG_WARN__DUPLICATE_METHOD_MATCH = YES;
				CODE_SIGN_IDENTITY = "iPhone Developer";
				COPY_PHASE_STRIP = NO;
				DEBUG_INFORMATION_FORMAT = "dwarf-with-dsym";
				ENABLE_NS_ASSERTIONS = NO;
				ENABLE_STRICT_OBJC_MSGSEND = YES;
				GCC_C_LANGUAGE_STANDARD = gnu11;
				GCC_NO_COMMON_BLOCKS = YES;
				GCC_WARN_64_TO_32_BIT_CONVERSION = YES;
				GCC_WARN_ABOUT_RETURN_TYPE = YES_ERROR;
				GCC_WARN_UNDECLARED_SELECTOR = YES;
				GCC_WARN_UNINITIALIZED_AUTOS = YES_AGGRESSIVE;
				GCC_WARN_UNUSED_FUNCTION = YES;
				GCC_WARN_UNUSED_VARIABLE = YES;
				IPHONEOS_DEPLOYMENT_TARGET = 12.1;
				MTL_ENABLE_DEBUG_INFO = NO;
				MTL_FAST_MATH = YES;
				SDKROOT = iphoneos;
				SWIFT_COMPILATION_MODE = wholemodule;
				SWIFT_OPTIMIZATION_LEVEL = "-O";
				VALIDATE_PRODUCT = YES;
			};
			name = Release;
		};
		C590AC13221230AC0028B121 /* Debug */ = {
			isa = XCBuildConfiguration;
			baseConfigurationReference = 4BEA2957635D1CEE2E8379B1 /* Pods-Flixter.debug.xcconfig */;
			buildSettings = {
				ASSETCATALOG_COMPILER_APPICON_NAME = AppIcon;
				CODE_SIGN_STYLE = Automatic;
				DEVELOPMENT_TEAM = BGNF8D28S2;
				INFOPLIST_FILE = Flixter/Info.plist;
				LD_RUNPATH_SEARCH_PATHS = (
					"$(inherited)",
					"@executable_path/Frameworks",
				);
				PRODUCT_BUNDLE_IDENTIFIER = joypaul.08041995.brooklyn.ny6641.Flixter;
				PRODUCT_NAME = "$(TARGET_NAME)";
				SWIFT_VERSION = 4.2;
				TARGETED_DEVICE_FAMILY = "1,2";
			};
			name = Debug;
		};
		C590AC14221230AC0028B121 /* Release */ = {
			isa = XCBuildConfiguration;
			baseConfigurationReference = 69B97D185A235FE038199C94 /* Pods-Flixter.release.xcconfig */;
			buildSettings = {
				ASSETCATALOG_COMPILER_APPICON_NAME = AppIcon;
				CODE_SIGN_STYLE = Automatic;
				DEVELOPMENT_TEAM = BGNF8D28S2;
				INFOPLIST_FILE = Flixter/Info.plist;
				LD_RUNPATH_SEARCH_PATHS = (
					"$(inherited)",
					"@executable_path/Frameworks",
				);
				PRODUCT_BUNDLE_IDENTIFIER = joypaul.08041995.brooklyn.ny6641.Flixter;
				PRODUCT_NAME = "$(TARGET_NAME)";
				SWIFT_VERSION = 4.2;
				TARGETED_DEVICE_FAMILY = "1,2";
			};
			name = Release;
		};
/* End XCBuildConfiguration section */

/* Begin XCConfigurationList section */
		C590ABFB221230AB0028B121 /* Build configuration list for PBXProject "Flixter" */ = {
			isa = XCConfigurationList;
			buildConfigurations = (
				C590AC10221230AC0028B121 /* Debug */,
				C590AC11221230AC0028B121 /* Release */,
			);
			defaultConfigurationIsVisible = 0;
			defaultConfigurationName = Release;
		};
		C590AC12221230AC0028B121 /* Build configuration list for PBXNativeTarget "Flixter" */ = {
			isa = XCConfigurationList;
			buildConfigurations = (
				C590AC13221230AC0028B121 /* Debug */,
				C590AC14221230AC0028B121 /* Release */,
			);
			defaultConfigurationIsVisible = 0;
			defaultConfigurationName = Release;
		};
/* End XCConfigurationList section */
	};
	rootObject = C590ABF8221230AB0028B121 /* Project object */;
}
